Microsoft Visual Studio Solution File, Format Version 12.00
# Visual Studio 2012
Project("{FAE04EC0-301F-11D3-BF4B-00C04F79EFBC}") = "FirstGame", "FirstGame.csproj", "{FCFE8121-2D89-4E6E-BA04-E4FE91C61943}"
EndProject
Global
	GlobalSection(SolutionConfigurationPlatforms) = preSolution
	Debug|Any CPU = Debug|Any CPU
	ExportDebug|Any CPU = ExportDebug|Any CPU
	ExportRelease|Any CPU = ExportRelease|Any CPU
	EndGlobalSection
	GlobalSection(ProjectConfigurationPlatforms) = postSolution
		{FCFE8121-2D89-4E6E-BA04-E4FE91C61943}.Debug|Any CPU.ActiveCfg = Debug|Any CPU
		{FCFE8121-2D89-4E6E-BA04-E4FE91C61943}.Debug|Any CPU.Build.0 = Debug|Any CPU
		{FCFE8121-2D89-4E6E-BA04-E4FE91C61943}.ExportDebug|Any CPU.ActiveCfg = ExportDebug|Any CPU
		{FCFE8121-2D89-4E6E-BA04-E4FE91C61943}.ExportDebug|Any CPU.Build.0 = ExportDebug|Any CPU
		{FCFE8121-2D89-4E6E-BA04-E4FE91C61943}.ExportRelease|Any CPU.ActiveCfg = ExportRelease|Any CPU
		{FCFE8121-2D89-4E6E-BA04-E4FE91C61943}.ExportRelease|Any CPU.Build.0 = ExportRelease|Any CPU
	EndGlobalSection
EndGlobal
